
Microsoft Visual Studio Solution File, Format Version 12.00
# Visual Studio 15
VisualStudioVersion = 15.0.27703.2035
MinimumVisualStudioVersion = 10.0.40219.1
Project("{FAE04EC0-301F-11D3-BF4B-00C04F79EFBC}") = "BridgeTemperature.App", "src\BridgeTemperature.App\BridgeTemperature.App.csproj", "{2EABA49F-E79E-4D23-96E9-D12D05AD4CA3}"
EndProject
Project("{FAE04EC0-301F-11D3-BF4B-00C04F79EFBC}") = "BridgeTemperatureTests", "tests\BridgeTemperatureTests\BridgeTemperatureTests.csproj", "{2B3E392D-4C4E-40F6-A8C3-3A803CA0CB99}"
EndProject
Project("{FAE04EC0-301F-11D3-BF4B-00C04F79EFBC}") = "BridgeTemperature.Common", "src\BridgeTemperature.Common\BridgeTemperature.Common.csproj", "{173D8831-7024-488F-A35C-A667972D5E7E}"
EndProject
Project("{FAE04EC0-301F-11D3-BF4B-00C04F79EFBC}") = "BridgeTemperature.Calculations", "src\BridgeTemperature.Calculations\BridgeTemperature.Calculations.csproj", "{DB8E2A57-1422-4618-B79B-FE15968419B4}"
EndProject
Project("{2150E333-8FDC-42A3-9474-1A3956D46DE8}") = "src", "src", "{D9923B0D-68A2-4948-ABA0-CB22EB5DA54D}"
EndProject
Project("{2150E333-8FDC-42A3-9474-1A3956D46DE8}") = "tests", "tests", "{7ED3EA2A-A3E7-4553-8FBC-4CAF9C2C92B3}"
EndProject
Global
	GlobalSection(SolutionConfigurationPlatforms) = preSolution
		Debug|Any CPU = Debug|Any CPU
		Release|Any CPU = Release|Any CPU
	EndGlobalSection
	GlobalSection(ProjectConfigurationPlatforms) = postSolution
		{2EABA49F-E79E-4D23-96E9-D12D05AD4CA3}.Debug|Any CPU.ActiveCfg = Debug|Any CPU
		{2EABA49F-E79E-4D23-96E9-D12D05AD4CA3}.Debug|Any CPU.Build.0 = Debug|Any CPU
		{2EABA49F-E79E-4D23-96E9-D12D05AD4CA3}.Debug|Any CPU.Deploy.0 = Debug|Any CPU
		{2EABA49F-E79E-4D23-96E9-D12D05AD4CA3}.Release|Any CPU.ActiveCfg = Release|Any CPU
		{2EABA49F-E79E-4D23-96E9-D12D05AD4CA3}.Release|Any CPU.Build.0 = Release|Any CPU
		{2B3E392D-4C4E-40F6-A8C3-3A803CA0CB99}.Debug|Any CPU.ActiveCfg = Debug|Any CPU
		{2B3E392D-4C4E-40F6-A8C3-3A803CA0CB99}.Debug|Any CPU.Build.0 = Debug|Any CPU
		{2B3E392D-4C4E-40F6-A8C3-3A803CA0CB99}.Release|Any CPU.ActiveCfg = Release|Any CPU
		{2B3E392D-4C4E-40F6-A8C3-3A803CA0CB99}.Release|Any CPU.Build.0 = Release|Any CPU
		{173D8831-7024-488F-A35C-A667972D5E7E}.Debug|Any CPU.ActiveCfg = Debug|Any CPU
		{173D8831-7024-488F-A35C-A667972D5E7E}.Debug|Any CPU.Build.0 = Debug|Any CPU
		{173D8831-7024-488F-A35C-A667972D5E7E}.Release|Any CPU.ActiveCfg = Release|Any CPU
		{173D8831-7024-488F-A35C-A667972D5E7E}.Release|Any CPU.Build.0 = Release|Any CPU
		{DB8E2A57-1422-4618-B79B-FE15968419B4}.Debug|Any CPU.ActiveCfg = Debug|Any CPU
		{DB8E2A57-1422-4618-B79B-FE15968419B4}.Debug|Any CPU.Build.0 = Debug|Any CPU
		{DB8E2A57-1422-4618-B79B-FE15968419B4}.Release|Any CPU.ActiveCfg = Release|Any CPU
		{DB8E2A57-1422-4618-B79B-FE15968419B4}.Release|Any CPU.Build.0 = Release|Any CPU
	EndGlobalSection
	GlobalSection(SolutionProperties) = preSolution
		HideSolutionNode = FALSE
	EndGlobalSection
	GlobalSection(NestedProjects) = preSolution
		{2EABA49F-E79E-4D23-96E9-D12D05AD4CA3} = {D9923B0D-68A2-4948-ABA0-CB22EB5DA54D}
		{2B3E392D-4C4E-40F6-A8C3-3A803CA0CB99} = {7ED3EA2A-A3E7-4553-8FBC-4CAF9C2C92B3}
		{173D8831-7024-488F-A35C-A667972D5E7E} = {D9923B0D-68A2-4948-ABA0-CB22EB5DA54D}
		{DB8E2A57-1422-4618-B79B-FE15968419B4} = {D9923B0D-68A2-4948-ABA0-CB22EB5DA54D}
	EndGlobalSection
	GlobalSection(ExtensibilityGlobals) = postSolution
		SolutionGuid = {3C73F366-4D17-4974-A07D-CF74883E9997}
	EndGlobalSection
EndGlobal
